// !$*UTF8*$!
{
	archiveVersion = 1;
	classes = {
	};
	objectVersion = 56;
	objects = {

/* Begin PBXBuildFile section */
		E77C49F22B59DE8D00858F66 /* CarCustomiserApp.swift in Sources */ = {isa = PBXBuildFile; fileRef = E77C49F12B59DE8D00858F66 /* CarCustomiserApp.swift */; };
		E77C49F42B59DE8D00858F66 /* ContentView.swift in Sources */ = {isa = PBXBuildFile; fileRef = E77C49F32B59DE8D00858F66 /* ContentView.swift */; };
		E77C49F62B59DE8F00858F66 /* Assets.xcassets in Resources */ = {isa = PBXBuildFile; fileRef = E77C49F52B59DE8F00858F66 /* Assets.xcassets */; };
		E77C49F92B59DE8F00858F66 /* Preview Assets.xcassets in Resources */ = {isa = PBXBuildFile; fileRef = E77C49F82B59DE8F00858F66 /* Preview Assets.xcassets */; };
		E77C4A032B59DE9000858F66 /* CarCustomiserTests.swift in Sources */ = {isa = PBXBuildFile; fileRef = E77C4A022B59DE9000858F66 /* CarCustomiserTests.swift */; };
		E77C4A0D2B59DE9000858F66 /* CarCustomiserUITests.swift in Sources */ = {isa = PBXBuildFile; fileRef = E77C4A0C2B59DE9000858F66 /* CarCustomiserUITests.swift */; };
		E77C4A0F2B59DE9000858F66 /* CarCustomiserUITestsLaunchTests.swift in Sources */ = {isa = PBXBuildFile; fileRef = E77C4A0E2B59DE9000858F66 /* CarCustomiserUITestsLaunchTests.swift */; };
		E77C4A1C2B59E19F00858F66 /* Car.swift in Sources */ = {isa = PBXBuildFile; fileRef = E77C4A1B2B59E19F00858F66 /* Car.swift */; };
		E77C4A1D2B59E1FB00858F66 /* Car.swift in Sources */ = {isa = PBXBuildFile; fileRef = E77C4A1B2B59E19F00858F66 /* Car.swift */; };
		E77C4A1F2B5D6A8B00858F66 /* StarterCars.swift in Sources */ = {isa = PBXBuildFile; fileRef = E77C4A1E2B5D6A8B00858F66 /* StarterCars.swift */; };
/* End PBXBuildFile section */

/* Begin PBXContainerItemProxy section */
		E77C49FF2B59DE9000858F66 /* PBXContainerItemProxy */ = {
			isa = PBXContainerItemProxy;
			containerPortal = E77C49E62B59DE8D00858F66 /* Project object */;
			proxyType = 1;
			remoteGlobalIDString = E77C49ED2B59DE8D00858F66;
			remoteInfo = CarCustomiser;
		};
		E77C4A092B59DE9000858F66 /* PBXContainerItemProxy */ = {
			isa = PBXContainerItemProxy;
			containerPortal = E77C49E62B59DE8D00858F66 /* Project object */;
			proxyType = 1;
			remoteGlobalIDString = E77C49ED2B59DE8D00858F66;
			remoteInfo = CarCustomiser;
		};
/* End PBXContainerItemProxy section */

/* Begin PBXFileReference section */
		E77C49EE2B59DE8D00858F66 /* CarCustomiser.app */ = {isa = PBXFileReference; explicitFileType = wrapper.application; includeInIndex = 0; path = CarCustomiser.app; sourceTree = BUILT_PRODUCTS_DIR; };
		E77C49F12B59DE8D00858F66 /* CarCustomiserApp.swift */ = {isa = PBXFileReference; lastKnownFileType = sourcecode.swift; path = CarCustomiserApp.swift; sourceTree = "<group>"; };
		E77C49F32B59DE8D00858F66 /* ContentView.swift */ = {isa = PBXFileReference; lastKnownFileType = sourcecode.swift; path = ContentView.swift; sourceTree = "<group>"; };
		E77C49F52B59DE8F00858F66 /* Assets.xcassets */ = {isa = PBXFileReference; lastKnownFileType = folder.assetcatalog; path = Assets.xcassets; sourceTree = "<group>"; };
		E77C49F82B59DE8F00858F66 /* Preview Assets.xcassets */ = {isa = PBXFileReference; lastKnownFileType = folder.assetcatalog; path = "Preview Assets.xcassets"; sourceTree = "<group>"; };
		E77C49FE2B59DE9000858F66 /* CarCustomiserTests.xctest */ = {isa = PBXFileReference; explicitFileType = wrapper.cfbundle; includeInIndex = 0; path = CarCustomiserTests.xctest; sourceTree = BUILT_PRODUCTS_DIR; };
		E77C4A022B59DE9000858F66 /* CarCustomiserTests.swift */ = {isa = PBXFileReference; lastKnownFileType = sourcecode.swift; path = CarCustomiserTests.swift; sourceTree = "<group>"; };
		E77C4A082B59DE9000858F66 /* CarCustomiserUITests.xctest */ = {isa = PBXFileReference; explicitFileType = wrapper.cfbundle; includeInIndex = 0; path = CarCustomiserUITests.xctest; sourceTree = BUILT_PRODUCTS_DIR; };
		E77C4A0C2B59DE9000858F66 /* CarCustomiserUITests.swift */ = {isa = PBXFileReference; lastKnownFileType = sourcecode.swift; path = CarCustomiserUITests.swift; sourceTree = "<group>"; };
		E77C4A0E2B59DE9000858F66 /* CarCustomiserUITestsLaunchTests.swift */ = {isa = PBXFileReference; lastKnownFileType = sourcecode.swift; path = CarCustomiserUITestsLaunchTests.swift; sourceTree = "<group>"; };
		E77C4A1B2B59E19F00858F66 /* Car.swift */ = {isa = PBXFileReference; lastKnownFileType = sourcecode.swift; path = Car.swift; sourceTree = "<group>"; };
		E77C4A1E2B5D6A8B00858F66 /* StarterCars.swift */ = {isa = PBXFileReference; lastKnownFileType = sourcecode.swift; path = StarterCars.swift; sourceTree = "<group>"; };
/* End PBXFileReference section */

/* Begin PBXFrameworksBuildPhase section */
		E77C49EB2B59DE8D00858F66 /* Frameworks */ = {
			isa = PBXFrameworksBuildPhase;
			buildActionMask = 2147483647;
			files = (
			);
			runOnlyForDeploymentPostprocessing = 0;
		};
		E77C49FB2B59DE9000858F66 /* Frameworks */ = {
			isa = PBXFrameworksBuildPhase;
			buildActionMask = 2147483647;
			files = (
			);
			runOnlyForDeploymentPostprocessing = 0;
		};
		E77C4A052B59DE9000858F66 /* Frameworks */ = {
			isa = PBXFrameworksBuildPhase;
			buildActionMask = 2147483647;
			files = (
			);
			runOnlyForDeploymentPostprocessing = 0;
		};
/* End PBXFrameworksBuildPhase section */

/* Begin PBXGroup section */
		E77C49E52B59DE8D00858F66 = {
			isa = PBXGroup;
			children = (
				E77C49F02B59DE8D00858F66 /* CarCustomiser */,
				E77C4A012B59DE9000858F66 /* CarCustomiserTests */,
				E77C4A0B2B59DE9000858F66 /* CarCustomiserUITests */,
				E77C49EF2B59DE8D00858F66 /* Products */,
			);
			sourceTree = "<group>";
		};
		E77C49EF2B59DE8D00858F66 /* Products */ = {
			isa = PBXGroup;
			children = (
				E77C49EE2B59DE8D00858F66 /* CarCustomiser.app */,
				E77C49FE2B59DE9000858F66 /* CarCustomiserTests.xctest */,
				E77C4A082B59DE9000858F66 /* CarCustomiserUITests.xctest */,
			);
			name = Products;
			sourceTree = "<group>";
		};
		E77C49F02B59DE8D00858F66 /* CarCustomiser */ = {
			isa = PBXGroup;
			children = (
				E77C49F12B59DE8D00858F66 /* CarCustomiserApp.swift */,
				E77C49F32B59DE8D00858F66 /* ContentView.swift */,
				E77C49F52B59DE8F00858F66 /* Assets.xcassets */,
				E77C49F72B59DE8F00858F66 /* Preview Content */,
				E77C4A1B2B59E19F00858F66 /* Car.swift */,
				E77C4A1E2B5D6A8B00858F66 /* StarterCars.swift */,
			);
			path = CarCustomiser;
			sourceTree = "<group>";
		};
		E77C49F72B59DE8F00858F66 /* Preview Content */ = {
			isa = PBXGroup;
			children = (
				E77C49F82B59DE8F00858F66 /* Preview Assets.xcassets */,
			);
			path = "Preview Content";
			sourceTree = "<group>";
		};
		E77C4A012B59DE9000858F66 /* CarCustomiserTests */ = {
			isa = PBXGroup;
			children = (
				E77C4A022B59DE9000858F66 /* CarCustomiserTests.swift */,
			);
			path = CarCustomiserTests;
			sourceTree = "<group>";
		};
		E77C4A0B2B59DE9000858F66 /* CarCustomiserUITests */ = {
			isa = PBXGroup;
			children = (
				E77C4A0C2B59DE9000858F66 /* CarCustomiserUITests.swift */,
				E77C4A0E2B59DE9000858F66 /* CarCustomiserUITestsLaunchTests.swift */,
			);
			path = CarCustomiserUITests;
			sourceTree = "<group>";
		};
/* End PBXGroup section */

/* Begin PBXNativeTarget section */
		E77C49ED2B59DE8D00858F66 /* CarCustomiser */ = {
			isa = PBXNativeTarget;
			buildConfigurationList = E77C4A122B59DE9000858F66 /* Build configuration list for PBXNativeTarget "CarCustomiser" */;
			buildPhases = (
				E77C49EA2B59DE8D00858F66 /* Sources */,
				E77C49EB2B59DE8D00858F66 /* Frameworks */,
				E77C49EC2B59DE8D00858F66 /* Resources */,
			);
			buildRules = (
			);
			dependencies = (
			);
			name = CarCustomiser;
			productName = CarCustomiser;
			productReference = E77C49EE2B59DE8D00858F66 /* CarCustomiser.app */;
			productType = "com.apple.product-type.application";
		};
		E77C49FD2B59DE9000858F66 /* CarCustomiserTests */ = {
			isa = PBXNativeTarget;
			buildConfigurationList = E77C4A152B59DE9000858F66 /* Build configuration list for PBXNativeTarget "CarCustomiserTests" */;
			buildPhases = (
				E77C49FA2B59DE9000858F66 /* Sources */,
				E77C49FB2B59DE9000858F66 /* Frameworks */,
				E77C49FC2B59DE9000858F66 /* Resources */,
			);
			buildRules = (
			);
			dependencies = (
				E77C4A002B59DE9000858F66 /* PBXTargetDependency */,
			);
			name = CarCustomiserTests;
			productName = CarCustomiserTests;
			productReference = E77C49FE2B59DE9000858F66 /* CarCustomiserTests.xctest */;
			productType = "com.apple.product-type.bundle.unit-test";
		};
		E77C4A072B59DE9000858F66 /* CarCustomiserUITests */ = {
			isa = PBXNativeTarget;
			buildConfigurationList = E77C4A182B59DE9000858F66 /* Build configuration list for PBXNativeTarget "CarCustomiserUITests" */;
			buildPhases = (
				E77C4A042B59DE9000858F66 /* Sources */,
				E77C4A052B59DE9000858F66 /* Frameworks */,
				E77C4A062B59DE9000858F66 /* Resources */,
			);
			buildRules = (
			);
			dependencies = (
				E77C4A0A2B59DE9000858F66 /* PBXTargetDependency */,
			);
			name = CarCustomiserUITests;
			productName = CarCustomiserUITests;
			productReference = E77C4A082B59DE9000858F66 /* CarCustomiserUITests.xctest */;
			productType = "com.apple.product-type.bundle.ui-testing";
		};
/* End PBXNativeTarget section */

/* Begin PBXProject section */
		E77C49E62B59DE8D00858F66 /* Project object */ = {
			isa = PBXProject;
			attributes = {
				BuildIndependentTargetsInParallel = 1;
				LastSwiftUpdateCheck = 1520;
				LastUpgradeCheck = 1520;
				TargetAttributes = {
					E77C49ED2B59DE8D00858F66 = {
						CreatedOnToolsVersion = 15.2;
					};
					E77C49FD2B59DE9000858F66 = {
						CreatedOnToolsVersion = 15.2;
						TestTargetID = E77C49ED2B59DE8D00858F66;
					};
					E77C4A072B59DE9000858F66 = {
						CreatedOnToolsVersion = 15.2;
						TestTargetID = E77C49ED2B59DE8D00858F66;
					};
				};
			};
			buildConfigurationList = E77C49E92B59DE8D00858F66 /* Build configuration list for PBXProject "CarCustomiser" */;
			compatibilityVersion = "Xcode 14.0";
			developmentRegion = en;
			hasScannedForEncodings = 0;
			knownRegions = (
				en,
				Base,
			);
			mainGroup = E77C49E52B59DE8D00858F66;
			productRefGroup = E77C49EF2B59DE8D00858F66 /* Products */;
			projectDirPath = "";
			projectRoot = "";
			targets = (
				E77C49ED2B59DE8D00858F66 /* CarCustomiser */,
				E77C49FD2B59DE9000858F66 /* CarCustomiserTests */,
				E77C4A072B59DE9000858F66 /* CarCustomiserUITests */,
			);
		};
/* End PBXProject section */

/* Begin PBXResourcesBuildPhase section */
		E77C49EC2B59DE8D00858F66 /* Resources */ = {
			isa = PBXResourcesBuildPhase;
			buildActionMask = 2147483647;
			files = (
				E77C49F92B59DE8F00858F66 /* Preview Assets.xcassets in Resources */,
				E77C49F62B59DE8F00858F66 /* Assets.xcassets in Resources */,
			);
			runOnlyForDeploymentPostprocessing = 0;
		};
		E77C49FC2B59DE9000858F66 /* Resources */ = {
			isa = PBXResourcesBuildPhase;
			buildActionMask = 2147483647;
			files = (
			);
			runOnlyForDeploymentPostprocessing = 0;
		};
		E77C4A062B59DE9000858F66 /* Resources */ = {
			isa = PBXResourcesBuildPhase;
			buildActionMask = 2147483647;
			files = (
			);
			runOnlyForDeploymentPostprocessing = 0;
		};
/* End PBXResourcesBuildPhase section */

/* Begin PBXSourcesBuildPhase section */
		E77C49EA2B59DE8D00858F66 /* Sources */ = {
			isa = PBXSourcesBuildPhase;
			buildActionMask = 2147483647;
			files = (
				E77C49F42B59DE8D00858F66 /* ContentView.swift in Sources */,
				E77C49F22B59DE8D00858F66 /* CarCustomiserApp.swift in Sources */,
				E77C4A1F2B5D6A8B00858F66 /* StarterCars.swift in Sources */,
				E77C4A1C2B59E19F00858F66 /* Car.swift in Sources */,
			);
			runOnlyForDeploymentPostprocessing = 0;
		};
		E77C49FA2B59DE9000858F66 /* Sources */ = {
			isa = PBXSourcesBuildPhase;
			buildActionMask = 2147483647;
			files = (
				E77C4A1D2B59E1FB00858F66 /* Car.swift in Sources */,
				E77C4A032B59DE9000858F66 /* CarCustomiserTests.swift in Sources */,
			);
			runOnlyForDeploymentPostprocessing = 0;
		};
		E77C4A042B59DE9000858F66 /* Sources */ = {
			isa = PBXSourcesBuildPhase;
			buildActionMask = 2147483647;
			files = (
				E77C4A0D2B59DE9000858F66 /* CarCustomiserUITests.swift in Sources */,
				E77C4A0F2B59DE9000858F66 /* CarCustomiserUITestsLaunchTests.swift in Sources */,
			);
			runOnlyForDeploymentPostprocessing = 0;
		};
/* End PBXSourcesBuildPhase section */

/* Begin PBXTargetDependency section */
		E77C4A002B59DE9000858F66 /* PBXTargetDependency */ = {
			isa = PBXTargetDependency;
			target = E77C49ED2B59DE8D00858F66 /* CarCustomiser */;
			targetProxy = E77C49FF2B59DE9000858F66 /* PBXContainerItemProxy */;
		};
		E77C4A0A2B59DE9000858F66 /* PBXTargetDependency */ = {
			isa = PBXTargetDependency;
			target = E77C49ED2B59DE8D00858F66 /* CarCustomiser */;
			targetProxy = E77C4A092B59DE9000858F66 /* PBXContainerItemProxy */;
		};
/* End PBXTargetDependency section */

/* Begin XCBuildConfiguration section */
		E77C4A102B59DE9000858F66 /* Debug */ = {
			isa = XCBuildConfiguration;
			buildSettings = {
				ALWAYS_SEARCH_USER_PATHS = NO;
				ASSETCATALOG_COMPILER_GENERATE_SWIFT_ASSET_SYMBOL_EXTENSIONS = YES;
				CLANG_ANALYZER_NONNULL = YES;
				CLANG_ANALYZER_NUMBER_OBJECT_CONVERSION = YES_AGGRESSIVE;
				CLANG_CXX_LANGUAGE_STANDARD = "gnu++20";
				CLANG_ENABLE_MODULES = YES;
				CLANG_ENABLE_OBJC_ARC = YES;
				CLANG_ENABLE_OBJC_WEAK = YES;
				CLANG_WARN_BLOCK_CAPTURE_AUTORELEASING = YES;
				CLANG_WARN_BOOL_CONVERSION = YES;
				CLANG_WARN_COMMA = YES;
				CLANG_WARN_CONSTANT_CONVERSION = YES;
				CLANG_WARN_DEPRECATED_OBJC_IMPLEMENTATIONS = YES;
				CLANG_WARN_DIRECT_OBJC_ISA_USAGE = YES_ERROR;
				CLANG_WARN_DOCUMENTATION_COMMENTS = YES;
				CLANG_WARN_EMPTY_BODY = YES;
				CLANG_WARN_ENUM_CONVERSION = YES;
				CLANG_WARN_INFINITE_RECURSION = YES;
				CLANG_WARN_INT_CONVERSION = YES;
				CLANG_WARN_NON_LITERAL_NULL_CONVERSION = YES;
				CLANG_WARN_OBJC_IMPLICIT_RETAIN_SELF = YES;
				CLANG_WARN_OBJC_LITERAL_CONVERSION = YES;
				CLANG_WARN_OBJC_ROOT_CLASS = YES_ERROR;
				CLANG_WARN_QUOTED_INCLUDE_IN_FRAMEWORK_HEADER = YES;
				CLANG_WARN_RANGE_LOOP_ANALYSIS = YES;
				CLANG_WARN_STRICT_PROTOTYPES = YES;
				CLANG_WARN_SUSPICIOUS_MOVE = YES;
				CLANG_WARN_UNGUARDED_AVAILABILITY = YES_AGGRESSIVE;
				CLANG_WARN_UNREACHABLE_CODE = YES;
				CLANG_WARN__DUPLICATE_METHOD_MATCH = YES;
				COPY_PHASE_STRIP = NO;
				DEBUG_INFORMATION_FORMAT = dwarf;
				ENABLE_STRICT_OBJC_MSGSEND = YES;
				ENABLE_TESTABILITY = YES;
				ENABLE_USER_SCRIPT_SANDBOXING = YES;
				GCC_C_LANGUAGE_STANDARD = gnu17;
				GCC_DYNAMIC_NO_PIC = NO;
				GCC_NO_COMMON_BLOCKS = YES;
				GCC_OPTIMIZATION_LEVEL = 0;
				GCC_PREPROCESSOR_DEFINITIONS = (
					"DEBUG=1",
					"$(inherited)",
				);
				GCC_WARN_64_TO_32_BIT_CONVERSION = YES;
				GCC_WARN_ABOUT_RETURN_TYPE = YES_ERROR;
				GCC_WARN_UNDECLARED_SELECTOR = YES;
				GCC_WARN_UNINITIALIZED_AUTOS = YES_AGGRESSIVE;
				GCC_WARN_UNUSED_FUNCTION = YES;
				GCC_WARN_UNUSED_VARIABLE = YES;
				IPHONEOS_DEPLOYMENT_TARGET = 17.2;
				LOCALIZATION_PREFERS_STRING_CATALOGS = YES;
				MTL_ENABLE_DEBUG_INFO = INCLUDE_SOURCE;
				MTL_FAST_MATH = YES;
				ONLY_ACTIVE_ARCH = YES;
				SDKROOT = iphoneos;
				SWIFT_ACTIVE_COMPILATION_CONDITIONS = "DEBUG $(inherited)";
				SWIFT_OPTIMIZATION_LEVEL = "-Onone";
			};
			name = Debug;
		};
		E77C4A112B59DE9000858F66 /* Release */ = {
			isa = XCBuildConfiguration;
			buildSettings = {
				ALWAYS_SEARCH_USER_PATHS = NO;
				ASSETCATALOG_COMPILER_GENERATE_SWIFT_ASSET_SYMBOL_EXTENSIONS = YES;
				CLANG_ANALYZER_NONNULL = YES;
				CLANG_ANALYZER_NUMBER_OBJECT_CONVERSION = YES_AGGRESSIVE;
				CLANG_CXX_LANGUAGE_STANDARD = "gnu++20";
				CLANG_ENABLE_MODULES = YES;
				CLANG_ENABLE_OBJC_ARC = YES;
				CLANG_ENABLE_OBJC_WEAK = YES;
				CLANG_WARN_BLOCK_CAPTURE_AUTORELEASING = YES;
				CLANG_WARN_BOOL_CONVERSION = YES;
				CLANG_WARN_COMMA = YES;
				CLANG_WARN_CONSTANT_CONVERSION = YES;
				CLANG_WARN_DEPRECATED_OBJC_IMPLEMENTATIONS = YES;
				CLANG_WARN_DIRECT_OBJC_ISA_USAGE = YES_ERROR;
				CLANG_WARN_DOCUMENTATION_COMMENTS = YES;
				CLANG_WARN_EMPTY_BODY = YES;
				CLANG_WARN_ENUM_CONVERSION = YES;
				CLANG_WARN_INFINITE_RECURSION = YES;
				CLANG_WARN_INT_CONVERSION = YES;
				CLANG_WARN_NON_LITERAL_NULL_CONVERSION = YES;
				CLANG_WARN_OBJC_IMPLICIT_RETAIN_SELF = YES;
				CLANG_WARN_OBJC_LITERAL_CONVERSION = YES;
				CLANG_WARN_OBJC_ROOT_CLASS = YES_ERROR;
				CLANG_WARN_QUOTED_INCLUDE_IN_FRAMEWORK_HEADER = YES;
				CLANG_WARN_RANGE_LOOP_ANALYSIS = YES;
				CLANG_WARN_STRICT_PROTOTYPES = YES;
				CLANG_WARN_SUSPICIOUS_MOVE = YES;
				CLANG_WARN_UNGUARDED_AVAILABILITY = YES_AGGRESSIVE;
				CLANG_WARN_UNREACHABLE_CODE = YES;
				CLANG_WARN__DUPLICATE_METHOD_MATCH = YES;
				COPY_PHASE_STRIP = NO;
				DEBUG_INFORMATION_FORMAT = "dwarf-with-dsym";
				ENABLE_NS_ASSERTIONS = NO;
				ENABLE_STRICT_OBJC_MSGSEND = YES;
				ENABLE_USER_SCRIPT_SANDBOXING = YES;
				GCC_C_LANGUAGE_STANDARD = gnu17;
				GCC_NO_COMMON_BLOCKS = YES;
				GCC_WARN_64_TO_32_BIT_CONVERSION = YES;
				GCC_WARN_ABOUT_RETURN_TYPE = YES_ERROR;
				GCC_WARN_UNDECLARED_SELECTOR = YES;
				GCC_WARN_UNINITIALIZED_AUTOS = YES_AGGRESSIVE;
				GCC_WARN_UNUSED_FUNCTION = YES;
				GCC_WARN_UNUSED_VARIABLE = YES;
				IPHONEOS_DEPLOYMENT_TARGET = 17.2;
				LOCALIZATION_PREFERS_STRING_CATALOGS = YES;
				MTL_ENABLE_DEBUG_INFO = NO;
				MTL_FAST_MATH = YES;
				SDKROOT = iphoneos;
				SWIFT_COMPILATION_MODE = wholemodule;
				VALIDATE_PRODUCT = YES;
			};
			name = Release;
		};
		E77C4A132B59DE9000858F66 /* Debug */ = {
			isa = XCBuildConfiguration;
			buildSettings = {
				ASSETCATALOG_COMPILER_APPICON_NAME = AppIcon;
				ASSETCATALOG_COMPILER_GLOBAL_ACCENT_COLOR_NAME = AccentColor;
				CODE_SIGN_STYLE = Automatic;
				CURRENT_PROJECT_VERSION = 1;
				DEVELOPMENT_ASSET_PATHS = "\"CarCustomiser/Preview Content\"";
				ENABLE_PREVIEWS = YES;
				GENERATE_INFOPLIST_FILE = YES;
				INFOPLIST_KEY_UIApplicationSceneManifest_Generation = YES;
				INFOPLIST_KEY_UIApplicationSupportsIndirectInputEvents = YES;
				INFOPLIST_KEY_UILaunchScreen_Generation = YES;
				INFOPLIST_KEY_UISupportedInterfaceOrientations_iPad = "UIInterfaceOrientationPortrait UIInterfaceOrientationPortraitUpsideDown UIInterfaceOrientationLandscapeLeft UIInterfaceOrientationLandscapeRight";
				INFOPLIST_KEY_UISupportedInterfaceOrientations_iPhone = "UIInterfaceOrientationPortrait UIInterfaceOrientationLandscapeLeft UIInterfaceOrientationLandscapeRight";
				LD_RUNPATH_SEARCH_PATHS = (
					"$(inherited)",
					"@executable_path/Frameworks",
				);
				MARKETING_VERSION = 1.0;
				PRODUCT_BUNDLE_IDENTIFIER = kozakurumlu.CarCustomiser;
				PRODUCT_NAME = "$(TARGET_NAME)";
				SWIFT_EMIT_LOC_STRINGS = YES;
				SWIFT_VERSION = 5.0;
				TARGETED_DEVICE_FAMILY = "1,2";
			};
			name = Debug;
		};
		E77C4A142B59DE9000858F66 /* Release */ = {
			isa = XCBuildConfiguration;
			buildSettings = {
				ASSETCATALOG_COMPILER_APPICON_NAME = AppIcon;
				ASSETCATALOG_COMPILER_GLOBAL_ACCENT_COLOR_NAME = AccentColor;
				CODE_SIGN_STYLE = Automatic;
				CURRENT_PROJECT_VERSION = 1;
				DEVELOPMENT_ASSET_PATHS = "\"CarCustomiser/Preview Content\"";
				ENABLE_PREVIEWS = YES;
				GENERATE_INFOPLIST_FILE = YES;
				INFOPLIST_KEY_UIApplicationSceneManifest_Generation = YES;
				INFOPLIST_KEY_UIApplicationSupportsIndirectInputEvents = YES;
				INFOPLIST_KEY_UILaunchScreen_Generation = YES;
				INFOPLIST_KEY_UISupportedInterfaceOrientations_iPad = "UIInterfaceOrientationPortrait UIInterfaceOrientationPortraitUpsideDown UIInterfaceOrientationLandscapeLeft UIInterfaceOrientationLandscapeRight";
				INFOPLIST_KEY_UISupportedInterfaceOrientations_iPhone = "UIInterfaceOrientationPortrait UIInterfaceOrientationLandscapeLeft UIInterfaceOrientationLandscapeRight";
				LD_RUNPATH_SEARCH_PATHS = (
					"$(inherited)",
					"@executable_path/Frameworks",
				);
				MARKETING_VERSION = 1.0;
				PRODUCT_BUNDLE_IDENTIFIER = kozakurumlu.CarCustomiser;
				PRODUCT_NAME = "$(TARGET_NAME)";
				SWIFT_EMIT_LOC_STRINGS = YES;
				SWIFT_VERSION = 5.0;
				TARGETED_DEVICE_FAMILY = "1,2";
			};
			name = Release;
		};
		E77C4A162B59DE9000858F66 /* Debug */ = {
			isa = XCBuildConfiguration;
			buildSettings = {
				ALWAYS_EMBED_SWIFT_STANDARD_LIBRARIES = YES;
				BUNDLE_LOADER = "$(TEST_HOST)";
				CODE_SIGN_STYLE = Automatic;
				CURRENT_PROJECT_VERSION = 1;
				GENERATE_INFOPLIST_FILE = YES;
				IPHONEOS_DEPLOYMENT_TARGET = 17.2;
				MARKETING_VERSION = 1.0;
				PRODUCT_BUNDLE_IDENTIFIER = kozakurumlu.CarCustomiserTests;
				PRODUCT_NAME = "$(TARGET_NAME)";
				SWIFT_EMIT_LOC_STRINGS = NO;
				SWIFT_VERSION = 5.0;
				TARGETED_DEVICE_FAMILY = "1,2";
				TEST_HOST = "$(BUILT_PRODUCTS_DIR)/CarCustomiser.app/$(BUNDLE_EXECUTABLE_FOLDER_PATH)/CarCustomiser";
			};
			name = Debug;
		};
		E77C4A172B59DE9000858F66 /* Release */ = {
			isa = XCBuildConfiguration;
			buildSettings = {
				ALWAYS_EMBED_SWIFT_STANDARD_LIBRARIES = YES;
				BUNDLE_LOADER = "$(TEST_HOST)";
				CODE_SIGN_STYLE = Automatic;
				CURRENT_PROJECT_VERSION = 1;
				GENERATE_INFOPLIST_FILE = YES;
				IPHONEOS_DEPLOYMENT_TARGET = 17.2;
				MARKETING_VERSION = 1.0;
				PRODUCT_BUNDLE_IDENTIFIER = kozakurumlu.CarCustomiserTests;
				PRODUCT_NAME = "$(TARGET_NAME)";
				SWIFT_EMIT_LOC_STRINGS = NO;
				SWIFT_VERSION = 5.0;
				TARGETED_DEVICE_FAMILY = "1,2";
				TEST_HOST = "$(BUILT_PRODUCTS_DIR)/CarCustomiser.app/$(BUNDLE_EXECUTABLE_FOLDER_PATH)/CarCustomiser";
			};
			name = Release;
		};
		E77C4A192B59DE9000858F66 /* Debug */ = {
			isa = XCBuildConfiguration;
			buildSettings = {
				ALWAYS_EMBED_SWIFT_STANDARD_LIBRARIES = YES;
				CODE_SIGN_STYLE = Automatic;
				CURRENT_PROJECT_VERSION = 1;
				GENERATE_INFOPLIST_FILE = YES;
				MARKETING_VERSION = 1.0;
				PRODUCT_BUNDLE_IDENTIFIER = kozakurumlu.CarCustomiserUITests;
				PRODUCT_NAME = "$(TARGET_NAME)";
				SWIFT_EMIT_LOC_STRINGS = NO;
				SWIFT_VERSION = 5.0;
				TARGETED_DEVICE_FAMILY = "1,2";
				TEST_TARGET_NAME = CarCustomiser;
			};
			name = Debug;
		};
		E77C4A1A2B59DE9000858F66 /* Release */ = {
			isa = XCBuildConfiguration;
			buildSettings = {
				ALWAYS_EMBED_SWIFT_STANDARD_LIBRARIES = YES;
				CODE_SIGN_STYLE = Automatic;
				CURRENT_PROJECT_VERSION = 1;
				GENERATE_INFOPLIST_FILE = YES;
				MARKETING_VERSION = 1.0;
				PRODUCT_BUNDLE_IDENTIFIER = kozakurumlu.CarCustomiserUITests;
				PRODUCT_NAME = "$(TARGET_NAME)";
				SWIFT_EMIT_LOC_STRINGS = NO;
				SWIFT_VERSION = 5.0;
				TARGETED_DEVICE_FAMILY = "1,2";
				TEST_TARGET_NAME = CarCustomiser;
			};
			name = Release;
		};
/* End XCBuildConfiguration section */

/* Begin XCConfigurationList section */
		E77C49E92B59DE8D00858F66 /* Build configuration list for PBXProject "CarCustomiser" */ = {
			isa = XCConfigurationList;
			buildConfigurations = (
				E77C4A102B59DE9000858F66 /* Debug */,
				E77C4A112B59DE9000858F66 /* Release */,
			);
			defaultConfigurationIsVisible = 0;
			defaultConfigurationName = Release;
		};
		E77C4A122B59DE9000858F66 /* Build configuration list for PBXNativeTarget "CarCustomiser" */ = {
			isa = XCConfigurationList;
			buildConfigurations = (
				E77C4A132B59DE9000858F66 /* Debug */,
				E77C4A142B59DE9000858F66 /* Release */,
			);
			defaultConfigurationIsVisible = 0;
			defaultConfigurationName = Release;
		};
		E77C4A152B59DE9000858F66 /* Build configuration list for PBXNativeTarget "CarCustomiserTests" */ = {
			isa = XCConfigurationList;
			buildConfigurations = (
				E77C4A162B59DE9000858F66 /* Debug */,
				E77C4A172B59DE9000858F66 /* Release */,
			);
			defaultConfigurationIsVisible = 0;
			defaultConfigurationName = Release;
		};
		E77C4A182B59DE9000858F66 /* Build configuration list for PBXNativeTarget "CarCustomiserUITests" */ = {
			isa = XCConfigurationList;
			buildConfigurations = (
				E77C4A192B59DE9000858F66 /* Debug */,
				E77C4A1A2B59DE9000858F66 /* Release */,
			);
			defaultConfigurationIsVisible = 0;
			defaultConfigurationName = Release;
		};
/* End XCConfigurationList section */
	};
	rootObject = E77C49E62B59DE8D00858F66 /* Project object */;
}
